
Microsoft Visual Studio Solution File, Format Version 12.00
# Visual Studio Version 16
VisualStudioVersion = 16.0.31729.503
MinimumVisualStudioVersion = 10.0.40219.1
Project("{FAE04EC0-301F-11D3-BF4B-00C04F79EFBC}") = "AppCrudProducts.Android", "AppCrudProducts.Android\AppCrudProducts.Android.csproj", "{83AA7C05-36BC-4942-9227-A43137926CC8}"
EndProject
Project("{FAE04EC0-301F-11D3-BF4B-00C04F79EFBC}") = "AppCrudProducts.iOS", "AppCrudProducts.iOS\AppCrudProducts.iOS.csproj", "{E43F20B7-AA33-487A-8A41-7826128279F7}"
EndProject
Project("{FAE04EC0-301F-11D3-BF4B-00C04F79EFBC}") = "AppCrudProducts", "AppCrudProducts\AppCrudProducts.csproj", "{477B0599-6BE1-4EEC-A41A-49E5F12898D2}"
EndProject
Global
	GlobalSection(SolutionConfigurationPlatforms) = preSolution
		Debug|Any CPU = Debug|Any CPU
		Debug|iPhone = Debug|iPhone
		Debug|iPhoneSimulator = Debug|iPhoneSimulator
		Release|Any CPU = Release|Any CPU
		Release|iPhone = Release|iPhone
		Release|iPhoneSimulator = Release|iPhoneSimulator
	EndGlobalSection
	GlobalSection(ProjectConfigurationPlatforms) = postSolution
		{83AA7C05-36BC-4942-9227-A43137926CC8}.Debug|Any CPU.ActiveCfg = Debug|Any CPU
		{83AA7C05-36BC-4942-9227-A43137926CC8}.Debug|Any CPU.Build.0 = Debug|Any CPU
		{83AA7C05-36BC-4942-9227-A43137926CC8}.Debug|Any CPU.Deploy.0 = Debug|Any CPU
		{83AA7C05-36BC-4942-9227-A43137926CC8}.Debug|iPhone.ActiveCfg = Debug|Any CPU
		{83AA7C05-36BC-4942-9227-A43137926CC8}.Debug|iPhone.Build.0 = Debug|Any CPU
		{83AA7C05-36BC-4942-9227-A43137926CC8}.Debug|iPhone.Deploy.0 = Debug|Any CPU
		{83AA7C05-36BC-4942-9227-A43137926CC8}.Debug|iPhoneSimulator.ActiveCfg = Debug|Any CPU
		{83AA7C05-36BC-4942-9227-A43137926CC8}.Debug|iPhoneSimulator.Build.0 = Debug|Any CPU
		{83AA7C05-36BC-4942-9227-A43137926CC8}.Debug|iPhoneSimulator.Deploy.0 = Debug|Any CPU
		{83AA7C05-36BC-4942-9227-A43137926CC8}.Release|Any CPU.ActiveCfg = Release|Any CPU
		{83AA7C05-36BC-4942-9227-A43137926CC8}.Release|Any CPU.Build.0 = Release|Any CPU
		{83AA7C05-36BC-4942-9227-A43137926CC8}.Release|Any CPU.Deploy.0 = Release|Any CPU
		{83AA7C05-36BC-4942-9227-A43137926CC8}.Release|iPhone.ActiveCfg = Release|Any CPU
		{83AA7C05-36BC-4942-9227-A43137926CC8}.Release|iPhone.Build.0 = Release|Any CPU
		{83AA7C05-36BC-4942-9227-A43137926CC8}.Release|iPhone.Deploy.0 = Release|Any CPU
		{83AA7C05-36BC-4942-9227-A43137926CC8}.Release|iPhoneSimulator.ActiveCfg = Release|Any CPU
		{83AA7C05-36BC-4942-9227-A43137926CC8}.Release|iPhoneSimulator.Build.0 = Release|Any CPU
		{83AA7C05-36BC-4942-9227-A43137926CC8}.Release|iPhoneSimulator.Deploy.0 = Release|Any CPU
		{E43F20B7-AA33-487A-8A41-7826128279F7}.Debug|Any CPU.ActiveCfg = Debug|iPhone
		{E43F20B7-AA33-487A-8A41-7826128279F7}.Debug|Any CPU.Build.0 = Debug|iPhone
		{E43F20B7-AA33-487A-8A41-7826128279F7}.Debug|Any CPU.Deploy.0 = Debug|iPhone
		{E43F20B7-AA33-487A-8A41-7826128279F7}.Debug|iPhone.ActiveCfg = Debug|iPhone
		{E43F20B7-AA33-487A-8A41-7826128279F7}.Debug|iPhone.Build.0 = Debug|iPhone
		{E43F20B7-AA33-487A-8A41-7826128279F7}.Debug|iPhone.Deploy.0 = Debug|iPhone
		{E43F20B7-AA33-487A-8A41-7826128279F7}.Debug|iPhoneSimulator.ActiveCfg = Debug|iPhoneSimulator
		{E43F20B7-AA33-487A-8A41-7826128279F7}.Debug|iPhoneSimulator.Build.0 = Debug|iPhoneSimulator
		{E43F20B7-AA33-487A-8A41-7826128279F7}.Debug|iPhoneSimulator.Deploy.0 = Debug|iPhoneSimulator
		{E43F20B7-AA33-487A-8A41-7826128279F7}.Release|Any CPU.ActiveCfg = Release|iPhoneSimulator
		{E43F20B7-AA33-487A-8A41-7826128279F7}.Release|Any CPU.Build.0 = Release|iPhoneSimulator
		{E43F20B7-AA33-487A-8A41-7826128279F7}.Release|Any CPU.Deploy.0 = Release|iPhoneSimulator
		{E43F20B7-AA33-487A-8A41-7826128279F7}.Release|iPhone.ActiveCfg = Release|iPhone
		{E43F20B7-AA33-487A-8A41-7826128279F7}.Release|iPhone.Build.0 = Release|iPhone
		{E43F20B7-AA33-487A-8A41-7826128279F7}.Release|iPhone.Deploy.0 = Release|iPhone
		{E43F20B7-AA33-487A-8A41-7826128279F7}.Release|iPhoneSimulator.ActiveCfg = Release|iPhoneSimulator
		{E43F20B7-AA33-487A-8A41-7826128279F7}.Release|iPhoneSimulator.Build.0 = Release|iPhoneSimulator
		{E43F20B7-AA33-487A-8A41-7826128279F7}.Release|iPhoneSimulator.Deploy.0 = Release|iPhoneSimulator
		{477B0599-6BE1-4EEC-A41A-49E5F12898D2}.Debug|Any CPU.ActiveCfg = Debug|Any CPU
		{477B0599-6BE1-4EEC-A41A-49E5F12898D2}.Debug|Any CPU.Build.0 = Debug|Any CPU
		{477B0599-6BE1-4EEC-A41A-49E5F12898D2}.Debug|Any CPU.Deploy.0 = Debug|Any CPU
		{477B0599-6BE1-4EEC-A41A-49E5F12898D2}.Debug|iPhone.ActiveCfg = Debug|Any CPU
		{477B0599-6BE1-4EEC-A41A-49E5F12898D2}.Debug|iPhone.Build.0 = Debug|Any CPU
		{477B0599-6BE1-4EEC-A41A-49E5F12898D2}.Debug|iPhone.Deploy.0 = Debug|Any CPU
		{477B0599-6BE1-4EEC-A41A-49E5F12898D2}.Debug|iPhoneSimulator.ActiveCfg = Debug|Any CPU
		{477B0599-6BE1-4EEC-A41A-49E5F12898D2}.Debug|iPhoneSimulator.Build.0 = Debug|Any CPU
		{477B0599-6BE1-4EEC-A41A-49E5F12898D2}.Debug|iPhoneSimulator.Deploy.0 = Debug|Any CPU
		{477B0599-6BE1-4EEC-A41A-49E5F12898D2}.Release|Any CPU.ActiveCfg = Release|Any CPU
		{477B0599-6BE1-4EEC-A41A-49E5F12898D2}.Release|Any CPU.Build.0 = Release|Any CPU
		{477B0599-6BE1-4EEC-A41A-49E5F12898D2}.Release|Any CPU.Deploy.0 = Release|Any CPU
		{477B0599-6BE1-4EEC-A41A-49E5F12898D2}.Release|iPhone.ActiveCfg = Release|Any CPU
		{477B0599-6BE1-4EEC-A41A-49E5F12898D2}.Release|iPhone.Build.0 = Release|Any CPU
		{477B0599-6BE1-4EEC-A41A-49E5F12898D2}.Release|iPhone.Deploy.0 = Release|Any CPU
		{477B0599-6BE1-4EEC-A41A-49E5F12898D2}.Release|iPhoneSimulator.ActiveCfg = Release|Any CPU
		{477B0599-6BE1-4EEC-A41A-49E5F12898D2}.Release|iPhoneSimulator.Build.0 = Release|Any CPU
		{477B0599-6BE1-4EEC-A41A-49E5F12898D2}.Release|iPhoneSimulator.Deploy.0 = Release|Any CPU
	EndGlobalSection
	GlobalSection(SolutionProperties) = preSolution
		HideSolutionNode = FALSE
	EndGlobalSection
	GlobalSection(ExtensibilityGlobals) = postSolution
		SolutionGuid = {FE3CD1F4-36E5-4EDF-B1D5-0B3D68217C61}
	EndGlobalSection
EndGlobal
